{
  "name": "circleci-test",
  "version": "1.0.0",
  "lockfileVersion": 1,
  "requires": true,
  "dependencies": {
    "@types/aws-lambda": {
      "version": "8.10.64",
      "resolved": "https://pkgs.dev.azure.com/DprGroupLtd/_packaging/DprCloudTeam/npm/registry/@types/aws-lambda/-/aws-lambda-8.10.64.tgz",
      "integrity": "sha1-S9y3Ja75a+8Msd7PGcfv/x3yL+c=",
      "dev": true
    },
    "typescript": {
      "version": "4.0.3",
      "resolved": "https://pkgs.dev.azure.com/DprGroupLtd/_packaging/DprCloudTeam/npm/registry/typescript/-/typescript-4.0.3.tgz",
      "integrity": "sha1-FTu9Ro7wdyXB35x36LRT+NNqu6U=",
      "dev": true
    }
  }
}
